cloud.google.com/go v0.26.0 h1:e0WKqKTd5BnrG8aKH3J3h+QvEIQtSUcf2n5UZ5ZgLtQ=
cloud.google.com/go v0.26.0/go.mod h1:aQUYkXzVsufM+DwF1aE+0xfcU+56JwCaLick0ClmMTw=
github.com/Azure/azure-sdk-for-go v19.1.0+incompatible h1:ysqLW+tqZjJWOTE74heH/pDRbr4vlN3yV+dqQYgpyxw=
github.com/Azure/azure-sdk-for-go v19.1.0+incompatible/go.mod h1:9XXNKU+eRnpl9moKnB4QOLf1HestfXbmab5FXxiDBjc=
github.com/Azure/go-autorest v10.15.2+incompatible h1:oZpnRzZie83xGV5txbT1aa/7zpCPvURGhV6ThJij2bs=
github.com/Azure/go-autorest v10.15.2+incompatible/go.mod h1:r+4oMnoxhatjLLJ6zxSWATqVooLgysK6ZNox3g/xq24=
github.com/DataDog/datadog-go v0.0.0-20180702141236-ef3a9daf849d h1:qGaiqpKg/VnndIRJu9Z0jdVVXebhTxzd6sDP//mh3/E=
github.com/DataDog/datadog-go v0.0.0-20180702141236-ef3a9daf849d/go.mod h1:LButxg5PwREeZtORoXG3tL4fMGNddJ+vMq1mwgfaqoQ=
github.com/ThalesIgnite/crypto11 v0.0.0-20180813111101-a6fda3ea3e01 h1:0MsLwV2AFRwrQ1OHVLZFKJbyA0M2IVusOndqA7vgFG4=
github.com/ThalesIgnite/crypto11 v0.0.0-20180813111101-a6fda3ea3e01/go.mod h1:DdvQlzHSrdXwhcXCWY6o1HquZycJyAwsXXpKlk1+rww=
github.com/aws/aws-lambda-go v1.4.0 h1:utQd5PalMe5a7bLjfcf6dmXInYmyTCAZG+1iOO0P8o4=
github.com/aws/aws-lambda-go v1.4.0/go.mod h1:zUsUQhAUjYzR8AuduJPCfhBuKWUaDbQiPOG+ouzmE1A=
github.com/aws/aws-sdk-go v1.15.15 h1:XAuFGWoS9tAE+iN9g8G5BY428ms9JQj4yfeJDFIyVxk=
github.com/aws/aws-sdk-go v1.15.15/go.mod h1:mFuSZ37Z9YOHbQEwBWztmVzqXrEkub65tZoCYDt7FT0=
github.com/dgrijalva/jwt-go v3.2.0+incompatible h1:7qlOGliEKZXTDg6OTjfoBKDXWrumCAMpl/TFQ4/5kLM=
github.com/dgrijalva/jwt-go v3.2.0+incompatible/go.mod h1:E3ru+11k8xSBh+hMPgOLZmtrrCbhqsmaPHjLKYnJCaQ=
github.com/dimchansky/utfbom v1.0.0 h1:fGC2kkf4qOoKqZ4q7iIh+Vef4ubC1c38UDsEyZynZPc=
github.com/dimchansky/utfbom v1.0.0/go.mod h1:rO41eb7gLfo8SF1jd9F8HplJm1Fewwi4mQvIirEdv+8=
github.com/fatih/color v1.7.0 h1:DkWD4oS2D8LGGgTQ6IvwJJXSL5Vp2ffcQg58nFV38Ys=
github.com/fatih/color v1.7.0/go.mod h1:Zm6kSWBoL9eyXnKyktHP6abPY2pDugNf5KwzbycvMj4=
github.com/go-ini/ini v1.25.4 h1:Mujh4R/dH6YL8bxuISne3xX2+qcQ9p0IxKAP6ExWoUo=
github.com/go-ini/ini v1.25.4/go.mod h1:ByCAeIL28uOIIG0E3PJtZPDL8WnHpFKFOtgjp+3Ies8=
github.com/golang/glog v0.0.0-20160126235308-23def4e6c14b h1:VKtxabqXZkF25pY9ekfRL6a582T4P37/31XEstQ5p58=
github.com/golang/glog v0.0.0-20160126235308-23def4e6c14b/go.mod h1:SBH7ygxi8pfUlaOkMMuAQtPIUF8ecWP5IEl/CR7VP2Q=
github.com/golang/protobuf v1.1.0 h1:0iH4Ffd/meGoXqF2lSAhZHt8X+cPgkfn/cb6Cce5Vpc=
github.com/golang/protobuf v1.1.0/go.mod h1:6lQm79b+lXiMfvg/cZm0SGofjICqVBUtrP5yJMmIC1U=
github.com/gorilla/mux v1.6.2 h1:Pgr17XVTNXAk3q/r4CpKzC5xBM/qW1uVLV+IhRZpIIk=
github.com/gorilla/mux v1.6.2/go.mod h1:1lud6UwP+6orDFRuTfBEV8e9/aOM/c4fVVCaMa2zaAs=
github.com/goware/prefixer v0.0.0-20160118172347-395022866408 h1:Y9iQJfEqnN3/Nce9cOegemcy/9Ai5k3huT6E80F3zaw=
github.com/goware/prefixer v0.0.0-20160118172347-395022866408/go.mod h1:PE1ycukgRPJ7bJ9a1fdfQ9j8i/cEcRAoLZzbxYpNB/s=
github.com/hashicorp/golang-lru v0.0.0-20180201235237-0fb14efe8c47 h1:UnszMmmmm5vLwWzDjTFVIkfhvWF1NdrmChl8L2NUDCw=
github.com/hashicorp/golang-lru v0.0.0-20180201235237-0fb14efe8c47/go.mod h1:/m3WP610KZHVQ1SGc6re/UDhFvYD7pJ4Ao+sR/qLZy8=
github.com/howeyc/gopass v0.0.0-20170109162249-bf9dde6d0d2c h1:kQWxfPIHVLbgLzphqk3QUflDy9QdksZR4ygR807bpy0=
github.com/howeyc/gopass v0.0.0-20170109162249-bf9dde6d0d2c/go.mod h1:lADxMC39cJJqL93Duh1xhAs4I2Zs8mKS89XWXFGp9cs=
github.com/jmespath/go-jmespath v0.0.0-20160202185014-0b12d6b521d8 h1:12VvqtR6Aowv3l/EQUlocDHW2Cp4G9WJVH7uyH8QFJE=
github.com/jmespath/go-jmespath v0.0.0-20160202185014-0b12d6b521d8/go.mod h1:Nht3zPeWKUH0NzdCt2Blrr5ys8VGpn0CEB0cQHVjt7k=
github.com/lib/pq v0.0.0-20180523175426-90697d60dd84 h1:it29sI2IM490luSc3RAhp5WuCYnc6RtbfLVAB7nmC5M=
github.com/lib/pq v0.0.0-20180523175426-90697d60dd84/go.mod h1:5WUZQaWbwv1U+lTReE5YruASi9Al49XbQIvNi/34Woo=
github.com/mattn/go-colorable v0.0.9 h1:UVL0vNpWh04HeJXV0KLcaT7r06gOH2l4OW6ddYRUIY4=
github.com/mattn/go-colorable v0.0.9/go.mod h1:9vuHe8Xs5qXnSaW/c/ABM9alt+Vo+STaOChaDxuIBZU=
github.com/mattn/go-isatty v0.0.3 h1:ns/ykhmWi7G9O+8a448SecJU3nSMBXJfqQkl0upE1jI=
github.com/mattn/go-isatty v0.0.3/go.mod h1:M+lRXTBqGeGNdLjl/ufCoiOlB5xdOkqRJdNxMWT7Zi4=
github.com/miekg/pkcs11 v0.0.0-20180817151620-df0db7a16a9e h1:M1j0P7qLG7Kz9m/kVDGZNse62np7H4XaSQkCB5OaI2c=
github.com/miekg/pkcs11 v0.0.0-20180817151620-df0db7a16a9e/go.mod h1:WCBAbTOdfhHhz7YXujeZMF7owC4tPb1naKFsgfUISjo=
github.com/mitchellh/go-wordwrap v0.0.0-20150314170334-ad45545899c7 h1:DpOJ2HYzCv8LZP15IdmG+YdwD2luVPHITV96TkirNBM=
github.com/mitchellh/go-wordwrap v0.0.0-20150314170334-ad45545899c7/go.mod h1:ZXFpozHsX6DPmq2I0TCekCxypsnAUbP2oI0UX1GXzOo=
github.com/mozilla-services/yaml v0.0.0-20180809152200-d0fc72bff94e h1:2B2trVFJlUnYKVF7Ov63sae6bOrUzug+IGM7zIx0Jqc=
github.com/mozilla-services/yaml v0.0.0-20180809152200-d0fc72bff94e/go.mod h1:Is/Ucts/yU/mWyGR8yELRoO46mejouKsJfQLAIfTR18=
github.com/pkg/errors v0.8.0 h1:WdK/asTD0HN+q6hsWO3/vpuAkAr+tw6aNJNDFFf0+qw=
github.com/pkg/errors v0.8.0/go.mod h1:bwawxfHBFNV+L2hUp1rHADufV3IMtnDRdf1r5NINEl0=
github.com/sirupsen/logrus v1.0.6 h1:hcP1GmhGigz/O7h1WVUM5KklBp1JoNS9FggWKdj/j3s=
github.com/sirupsen/logrus v1.0.6/go.mod h1:pMByvHTf9Beacp5x1UXfOR9xyW/9antXMhjMPG0dEzc=
github.com/ugorji/go v1.1.1 h1:gmervu+jDMvXTbcHQ0pd2wee85nEoE0BsVyEuzkfK8w=
github.com/ugorji/go v1.1.1/go.mod h1:hnLbHMwcvSihnDhEfx2/BzKp2xb0Y+ErdfYcrs9tkJQ=
github.com/youtube/vitess v2.1.1+incompatible h1:iqObhq5grB5AR11E6ANuYyUHjI4ggQ/AlkUyontLQGw=
github.com/youtube/vitess v2.1.1+incompatible/go.mod h1:hpMim5/30F1r+0P8GGtB29d0gWHr0IZ5unS+CG0zMx8=
go.mozilla.org/cose v0.0.0-20180718182446-1eaf5a0651d7 h1:48nVX3Z0sRseA3gzfov2MqX3yQBNCofDBxELBJY3nLQ=
go.mozilla.org/cose v0.0.0-20180718182446-1eaf5a0651d7/go.mod h1:v4kQ18+/r200i6QSkLG8UKX0AL+chEzGK/R0VmPittk=
go.mozilla.org/gopgagent v0.0.0-20170926210634-4d7ea76ff71a h1:N7VD+PwpJME2ZfQT8+ejxwA4Ow10IkGbU0MGf94ll8k=
go.mozilla.org/gopgagent v0.0.0-20170926210634-4d7ea76ff71a/go.mod h1:YDKUvO0b//78PaaEro6CAPH6NqohCmL2Cwju5XI2HoE=
go.mozilla.org/hawk v0.0.0-20160602144717-b9704677ebef h1:JV5qfNZf3mHRvAErsKam3TKQ3QXJC9BdP14YJRDei1w=
go.mozilla.org/hawk v0.0.0-20160602144717-b9704677ebef/go.mod h1:ios+sJANmPARsTCF4LHZNaCVQna3TvwS+ECs/Y2GONU=
go.mozilla.org/mar v0.0.0-20180627123731-b04b40e80348 h1:F8TjHiau9FG5xDWo6ndBfWt5UM5AuRJ4qUciHpSVjoI=
go.mozilla.org/mar v0.0.0-20180627123731-b04b40e80348/go.mod h1:BIzqT/Wm/HHBX0meahRdBRhJFXMa9F+G+AJluKduJJs=
go.mozilla.org/mozlog v0.0.0-20170222151521-4bb13139d403 h1:rKyWXYDfrVOpMFBion4Pmx5sJbQreQNXycHvm4KwJSg=
go.mozilla.org/mozlog v0.0.0-20170222151521-4bb13139d403/go.mod h1:jHoPAGnDrCy6kaI2tAze5Prf0Nr0w/oNkROt2lw3n3o=
go.mozilla.org/mozlogrus v1.0.0 h1:8FWASFDozt1q1B+j6EoSBt62YN4k7nMWFLb3VyawXzA=
go.mozilla.org/mozlogrus v1.0.0/go.mod h1:bg4v22liQ+tLlQ6nI56e5C7Xe8AqEU4xDdEpWoCzQ6M=
go.mozilla.org/pkcs7 v0.0.0-20180612145454-90dc71fe0d79 h1:O/Awdg7WlxdJGTQJ75NrJGZHUpmp38wpv8npaPsJCyw=
go.mozilla.org/pkcs7 v0.0.0-20180612145454-90dc71fe0d79/go.mod h1:5fWP3IVYEMc04wC+lMJAfkmNmKAl2P1swVv8VS+URZ8=
go.mozilla.org/sops v0.0.0-20180625140239-8c8d780abb1b h1:D30+nQVara8BuCoepyAupitCb6/Fkr6vr0tMAEcpOJo=
go.mozilla.org/sops v0.0.0-20180625140239-8c8d780abb1b/go.mod h1:njv+SYMHy9urU/V330aYWmWAP6EwAfN0WaRafSBgwfs=
golang.org/x/crypto v0.0.0-20180816225734-aabede6cba87 h1:gCHhzI+1R9peHIMyiWVxoVaWlk1cYK7VThX5ptLtbXY=
golang.org/x/crypto v0.0.0-20180816225734-aabede6cba87/go.mod h1:6SG95UA2DQfeDnfUPMdvaQW0Q7yPrPDi9nlGo2tz2b4=
golang.org/x/net v0.0.0-20180816102801-aaf60122140d h1:211XH5RPVP5tOBkz6xm3/b7KxtjqVf6PYG+evqJpE08=
golang.org/x/net v0.0.0-20180816102801-aaf60122140d/go.mod h1:mL1N/T3taQHkDXs73rZJwtUhF3w3ftmwwsq0BUmARs4=
golang.org/x/oauth2 v0.0.0-20180724155351-3d292e4d0cdc h1:3ElrZeO6IBP+M8kgu5YFwRo92Gqr+zBg3aooYQ6ziqU=
golang.org/x/oauth2 v0.0.0-20180724155351-3d292e4d0cdc/go.mod h1:N/0e6XlmueqKjAGxoOufVs8QHGRruUQn6yWY3a++T0U=
golang.org/x/sys v0.0.0-20180816055513-1c9583448a9c h1:uHnKXcvx6SNkuwC+nrzxkJ+TpPwZOtumbhWrrOYN5YA=
golang.org/x/sys v0.0.0-20180816055513-1c9583448a9c/go.mod h1:STP8DvDyc/dI5b8T5hshtkjS+E42TnysNCUPdjciGhY=
golang.org/x/text v0.3.0 h1:g61tztE5qeGQ89tm6NTjjM9VPIm088od1l6aSorWRWg=
golang.org/x/text v0.3.0/go.mod h1:NqM8EUOU14njkJ3fqMW+pc6Ldnwhi/IjpwHt7yyuwOQ=
google.golang.org/api v0.0.0-20180814000510-0e8d13b5c025 h1:Z/6gr0BgsTuvslzQUeM58CwNM33V59bsZQ+mZHS9EDo=
google.golang.org/api v0.0.0-20180814000510-0e8d13b5c025/go.mod h1:4mhQ8q/RsB7i+udVvVy5NUi08OU8ZlA0gRVgrF7VFY0=
google.golang.org/genproto v0.0.0-20180817151627-c66870c02cf8 h1:Nw54tB0rB7hY/N0NQvRW8DG4Yk3Q6T9cu9RcFQDu1tc=
google.golang.org/genproto v0.0.0-20180817151627-c66870c02cf8/go.mod h1:JiN7NxoALGmiZfu7CAH4rXhgtRTLTxftemlI0sWmxmc=
google.golang.org/grpc v1.14.0 h1:ArxJuB1NWfPY6r9Gp9gqwplT0Ge7nqv9msgu03lHLmo=
google.golang.org/grpc v1.14.0/go.mod h1:yo6s7OP7yaDglbqo1J04qKzAhqBH6lvTonzMVmEdcZw=
gopkg.in/check.v1 v0.0.0-20161208181325-20d25e280405/go.mod h1:Co6ibVJAznAaIkqp8huTwlJQCZ016jof/cbN4VW5Yz0=
gopkg.in/yaml.v2 v2.2.1 h1:mUhvW9EsL+naU5Q3cakzfE91YhliOondGd6ZrsDBHQE=
gopkg.in/yaml.v2 v2.2.1/go.mod h1:hI93XBmqTisBFMUTm0b8Fm+jr3Dg1NNxqwp+5A1VGuI=
